
Microsoft Visual Studio Solution File, Format Version 11.00
# Visual Studio 2010
Project("{8BC9CEB8-8B4A-11D0-8D11-00A0C91BC942}") = "Projeto_Xadres_VS2010", "Projeto_Xadres_VS2010\Projeto_Xadres_VS2010.vcxproj", "{E4C41DB4-E5C6-4073-9851-5E6C3423957A}"
EndProject
Global
	GlobalSection(SolutionConfigurationPlatforms) = preSolution
		Debug|Win32 = Debug|Win32
		Release|Win32 = Release|Win32
	EndGlobalSection
	GlobalSection(ProjectConfigurationPlatforms) = postSolution
		{E4C41DB4-E5C6-4073-9851-5E6C3423957A}.Debug|Win32.ActiveCfg = Debug|Win32
		{E4C41DB4-E5C6-4073-9851-5E6C3423957A}.Debug|Win32.Build.0 = Debug|Win32
		{E4C41DB4-E5C6-4073-9851-5E6C3423957A}.Release|Win32.ActiveCfg = Release|Win32
		{E4C41DB4-E5C6-4073-9851-5E6C3423957A}.Release|Win32.Build.0 = Release|Win32
	EndGlobalSection
	GlobalSection(SolutionProperties) = preSolution
		HideSolutionNode = FALSE
	EndGlobalSection
EndGlobal
